
Microsoft Visual Studio Solution File, Format Version 12.00
# Visual Studio Version 17
VisualStudioVersion = 17.13.35931.197
MinimumVisualStudioVersion = 10.0.40219.1
Project("{FAE04EC0-301F-11D3-BF4B-00C04F79EFBC}") = "WebBanHang", "WebBanHang\WebBanHang.csproj", "{BF95C75E-DC16-45F6-9833-04564CDE8237}"
EndProject
Global
	GlobalSection(SolutionConfigurationPlatforms) = preSolution
		Debug|Any CPU = Debug|Any CPU
		Release|Any CPU = Release|Any CPU
	EndGlobalSection
	GlobalSection(ProjectConfigurationPlatforms) = postSolution
		{BF95C75E-DC16-45F6-9833-04564CDE8237}.Debug|Any CPU.ActiveCfg = Debug|Any CPU
		{BF95C75E-DC16-45F6-9833-04564CDE8237}.Debug|Any CPU.Build.0 = Debug|Any CPU
		{BF95C75E-DC16-45F6-9833-04564CDE8237}.Release|Any CPU.ActiveCfg = Release|Any CPU
		{BF95C75E-DC16-45F6-9833-04564CDE8237}.Release|Any CPU.Build.0 = Release|Any CPU
	EndGlobalSection
	GlobalSection(SolutionProperties) = preSolution
		HideSolutionNode = FALSE
	EndGlobalSection
	GlobalSection(ExtensibilityGlobals) = postSolution
		SolutionGuid = {B59A2006-4FD3-4FC0-BDBA-1D497A6AE0CF}
	EndGlobalSection
EndGlobal
